
Microsoft Visual Studio Solution File, Format Version 12.00
# Visual Studio Version 17
VisualStudioVersion = 17.2.32616.157
MinimumVisualStudioVersion = 10.0.40219.1
Project("{FAE04EC0-301F-11D3-BF4B-00C04F79EFBC}") = "Kri4oFy", "Kri4oFy\Kri4oFy.csproj", "{2CC5F1B6-1656-4286-9C8D-4148B030FD69}"
EndProject
Global
	GlobalSection(SolutionConfigurationPlatforms) = preSolution
		Debug|Any CPU = Debug|Any CPU
		Release|Any CPU = Release|Any CPU
	EndGlobalSection
	GlobalSection(ProjectConfigurationPlatforms) = postSolution
		{2CC5F1B6-1656-4286-9C8D-4148B030FD69}.Debug|Any CPU.ActiveCfg = Debug|Any CPU
		{2CC5F1B6-1656-4286-9C8D-4148B030FD69}.Debug|Any CPU.Build.0 = Debug|Any CPU
		{2CC5F1B6-1656-4286-9C8D-4148B030FD69}.Release|Any CPU.ActiveCfg = Release|Any CPU
		{2CC5F1B6-1656-4286-9C8D-4148B030FD69}.Release|Any CPU.Build.0 = Release|Any CPU
	EndGlobalSection
	GlobalSection(SolutionProperties) = preSolution
		HideSolutionNode = FALSE
	EndGlobalSection
	GlobalSection(ExtensibilityGlobals) = postSolution
		SolutionGuid = {9AFFB068-8F2C-406A-957C-4F4AA774A5C1}
	EndGlobalSection
EndGlobal
